
Microsoft Visual Studio Solution File, Format Version 12.00
Project("{FAE04EC0-301F-11D3-BF4B-00C04F79EFBC}") = "Grpc.Server", "Grpc.Server\Grpc.Server.csproj", "{9707FD13-7B10-4BC2-B7BA-21292C607C4D}"
EndProject
Project("{FAE04EC0-301F-11D3-BF4B-00C04F79EFBC}") = "Grpc.Client", "Grpc.Client\Grpc.Client.csproj", "{3B442C73-F05B-4FC7-8571-95A83BBCBE1E}"
EndProject
Global
	GlobalSection(SolutionConfigurationPlatforms) = preSolution
		Debug|Any CPU = Debug|Any CPU
		Release|Any CPU = Release|Any CPU
	EndGlobalSection
	GlobalSection(ProjectConfigurationPlatforms) = postSolution
		{9707FD13-7B10-4BC2-B7BA-21292C607C4D}.Debug|Any CPU.ActiveCfg = Debug|Any CPU
		{9707FD13-7B10-4BC2-B7BA-21292C607C4D}.Debug|Any CPU.Build.0 = Debug|Any CPU
		{9707FD13-7B10-4BC2-B7BA-21292C607C4D}.Release|Any CPU.ActiveCfg = Release|Any CPU
		{9707FD13-7B10-4BC2-B7BA-21292C607C4D}.Release|Any CPU.Build.0 = Release|Any CPU
		{3B442C73-F05B-4FC7-8571-95A83BBCBE1E}.Debug|Any CPU.ActiveCfg = Debug|Any CPU
		{3B442C73-F05B-4FC7-8571-95A83BBCBE1E}.Debug|Any CPU.Build.0 = Debug|Any CPU
		{3B442C73-F05B-4FC7-8571-95A83BBCBE1E}.Release|Any CPU.ActiveCfg = Release|Any CPU
		{3B442C73-F05B-4FC7-8571-95A83BBCBE1E}.Release|Any CPU.Build.0 = Release|Any CPU
	EndGlobalSection
EndGlobal
